
Microsoft Visual Studio Solution File, Format Version 12.00
# Visual Studio 2013
VisualStudioVersion = 12.0.21005.1
MinimumVisualStudioVersion = 10.0.40219.1
Project("{FAE04EC0-301F-11D3-BF4B-00C04F79EFBC}") = "BeanSprout", "BeanSprout\BeanSprout.csproj", "{5525BF52-1CE2-4E63-AF96-3FB0CFC5DB7D}"
EndProject
Project("{FAE04EC0-301F-11D3-BF4B-00C04F79EFBC}") = "BeanSprout.Test", "BeanSprout.Test\BeanSprout.Test.csproj", "{5BD354EF-9341-4B2C-8A1E-7691E29B6F69}"
EndProject
Project("{2150E333-8FDC-42A3-9474-1A3956D46DE8}") = ".nuget", ".nuget", "{7E538784-6F42-4D1F-9767-FB5519EF8BE4}"
	ProjectSection(SolutionItems) = preProject
		.nuget\NuGet.Config = .nuget\NuGet.Config
		.nuget\NuGet.exe = .nuget\NuGet.exe
		.nuget\NuGet.targets = .nuget\NuGet.targets
	EndProjectSection
EndProject
Global
	GlobalSection(SolutionConfigurationPlatforms) = preSolution
		Debug|Any CPU = Debug|Any CPU
		Release|Any CPU = Release|Any CPU
	EndGlobalSection
	GlobalSection(ProjectConfigurationPlatforms) = postSolution
		{5525BF52-1CE2-4E63-AF96-3FB0CFC5DB7D}.Debug|Any CPU.ActiveCfg = Debug|Any CPU
		{5525BF52-1CE2-4E63-AF96-3FB0CFC5DB7D}.Debug|Any CPU.Build.0 = Debug|Any CPU
		{5525BF52-1CE2-4E63-AF96-3FB0CFC5DB7D}.Release|Any CPU.ActiveCfg = Release|Any CPU
		{5525BF52-1CE2-4E63-AF96-3FB0CFC5DB7D}.Release|Any CPU.Build.0 = Release|Any CPU
		{5BD354EF-9341-4B2C-8A1E-7691E29B6F69}.Debug|Any CPU.ActiveCfg = Debug|Any CPU
		{5BD354EF-9341-4B2C-8A1E-7691E29B6F69}.Debug|Any CPU.Build.0 = Debug|Any CPU
		{5BD354EF-9341-4B2C-8A1E-7691E29B6F69}.Release|Any CPU.ActiveCfg = Release|Any CPU
		{5BD354EF-9341-4B2C-8A1E-7691E29B6F69}.Release|Any CPU.Build.0 = Release|Any CPU
	EndGlobalSection
	GlobalSection(SolutionProperties) = preSolution
		HideSolutionNode = FALSE
	EndGlobalSection
EndGlobal
